// !$*UTF8*$!
{
	archiveVersion = 1;
	classes = {
	};
	objectVersion = 50;
	objects = {

/* Begin PBXBuildFile section */
		5906A1A5226F992200CD61D0 /* Factory+Implementation.swift in Sources */ = {isa = PBXBuildFile; fileRef = 5906A1A4226F992200CD61D0 /* Factory+Implementation.swift */; };
		5906A1A6226F9DF000CD61D0 /* Factory+Implementation.swift in Sources */ = {isa = PBXBuildFile; fileRef = 5906A1A4226F992200CD61D0 /* Factory+Implementation.swift */; };
		5906A1A8226FA3F300CD61D0 /* PomodoroParameter+Implementation.swift in Sources */ = {isa = PBXBuildFile; fileRef = 5906A1A7226FA3F300CD61D0 /* PomodoroParameter+Implementation.swift */; };
		5906A1A9226FBE7500CD61D0 /* PomodoroParameter+Implementation.swift in Sources */ = {isa = PBXBuildFile; fileRef = 5906A1A7226FA3F300CD61D0 /* PomodoroParameter+Implementation.swift */; };
		591C775B22A2F23600E6DBA8 /* Assets.xcassets in Resources */ = {isa = PBXBuildFile; fileRef = 591C775A22A2F23600E6DBA8 /* Assets.xcassets */; };
		5928DB7222886CC300E8EF9D /* NotificationManager+Implementation.swift in Sources */ = {isa = PBXBuildFile; fileRef = 5928DB7122886CC300E8EF9D /* NotificationManager+Implementation.swift */; };
		5928DB7322886CC300E8EF9D /* NotificationManager+Implementation.swift in Sources */ = {isa = PBXBuildFile; fileRef = 5928DB7122886CC300E8EF9D /* NotificationManager+Implementation.swift */; };
		592A176E22949AF300B7F675 /* ParameterViewController.swift in Sources */ = {isa = PBXBuildFile; fileRef = 592A176D22949AF200B7F675 /* ParameterViewController.swift */; };
		592A176F22949AF300B7F675 /* ParameterViewController.swift in Sources */ = {isa = PBXBuildFile; fileRef = 592A176D22949AF200B7F675 /* ParameterViewController.swift */; };
		592A17712295B80500B7F675 /* ParameterView.swift in Sources */ = {isa = PBXBuildFile; fileRef = 592A17702295B80500B7F675 /* ParameterView.swift */; };
		592A17722295B80500B7F675 /* ParameterView.swift in Sources */ = {isa = PBXBuildFile; fileRef = 592A17702295B80500B7F675 /* ParameterView.swift */; };
		592A17742295F95100B7F675 /* String.swift in Sources */ = {isa = PBXBuildFile; fileRef = 592A17732295F95100B7F675 /* String.swift */; };
		592A17752295F95100B7F675 /* String.swift in Sources */ = {isa = PBXBuildFile; fileRef = 592A17732295F95100B7F675 /* String.swift */; };
		59347E5B22835D6A0077396E /* OptionalNotificationView.swift in Sources */ = {isa = PBXBuildFile; fileRef = 59347E5A22835D6A0077396E /* OptionalNotificationView.swift */; };
		59347E5C22835F2A0077396E /* OptionalNotificationView.swift in Sources */ = {isa = PBXBuildFile; fileRef = 59347E5A22835D6A0077396E /* OptionalNotificationView.swift */; };
		59364CF5227E15CE003214B3 /* TimeKeeper.swift in Sources */ = {isa = PBXBuildFile; fileRef = 593A00D1226588C80028EAD4 /* TimeKeeper.swift */; };
		5936A38F2266514D00023586 /* PomodoroPresenter.swift in Sources */ = {isa = PBXBuildFile; fileRef = 5936A38B2266507A00023586 /* PomodoroPresenter.swift */; };
		5936A3902266514D00023586 /* PomodoroPresenter.swift in Sources */ = {isa = PBXBuildFile; fileRef = 5936A38B2266507A00023586 /* PomodoroPresenter.swift */; };
		5936A3912266571A00023586 /* PomodoroViewController.swift in Sources */ = {isa = PBXBuildFile; fileRef = 593A00D2226588C80028EAD4 /* PomodoroViewController.swift */; };
		593A00D9226588C80028EAD4 /* TimeKeeper.swift in Sources */ = {isa = PBXBuildFile; fileRef = 593A00D1226588C80028EAD4 /* TimeKeeper.swift */; };
		593A00DA226588C80028EAD4 /* PomodoroViewController.swift in Sources */ = {isa = PBXBuildFile; fileRef = 593A00D2226588C80028EAD4 /* PomodoroViewController.swift */; };
		593A153C2262C221009F9D66 /* PomodoroParameter.swift in Sources */ = {isa = PBXBuildFile; fileRef = 59408030226284A600E9513A /* PomodoroParameter.swift */; };
		593E205A2272B93E006F7173 /* PomodoroView.swift in Sources */ = {isa = PBXBuildFile; fileRef = 597E50A72272A268001E374D /* PomodoroView.swift */; };
		593E205B2272B943006F7173 /* NSLayoutConstraint.swift in Sources */ = {isa = PBXBuildFile; fileRef = 597E50AA2272A63D001E374D /* NSLayoutConstraint.swift */; };
		59408031226284A600E9513A /* PomodoroParameter.swift in Sources */ = {isa = PBXBuildFile; fileRef = 59408030226284A600E9513A /* PomodoroParameter.swift */; };
		594080332262864800E9513A /* Parameter.swift in Sources */ = {isa = PBXBuildFile; fileRef = 594080322262864800E9513A /* Parameter.swift */; };
		594080342262864800E9513A /* Parameter.swift in Sources */ = {isa = PBXBuildFile; fileRef = 594080322262864800E9513A /* Parameter.swift */; };
		5940803C22628E9100E9513A /* PomodorUserPreferenceTests.swift in Sources */ = {isa = PBXBuildFile; fileRef = 5940803B22628E9100E9513A /* PomodorUserPreferenceTests.swift */; };
		594F95E4226D6761002581D8 /* UserInterface.swift in Sources */ = {isa = PBXBuildFile; fileRef = 594F95E3226D6761002581D8 /* UserInterface.swift */; };
		594F95E5226D6761002581D8 /* UserInterface.swift in Sources */ = {isa = PBXBuildFile; fileRef = 594F95E3226D6761002581D8 /* UserInterface.swift */; };
		59550FBF2273DD8400F48DEC /* UIColor.swift in Sources */ = {isa = PBXBuildFile; fileRef = 59550FBE2273DD8400F48DEC /* UIColor.swift */; };
		59550FC02273DDC800F48DEC /* UIColor.swift in Sources */ = {isa = PBXBuildFile; fileRef = 59550FBE2273DD8400F48DEC /* UIColor.swift */; };
		595B49C7226D768900D84EE8 /* PomodoroViewController+Implementation.swift in Sources */ = {isa = PBXBuildFile; fileRef = 595B49C6226D768900D84EE8 /* PomodoroViewController+Implementation.swift */; };
		595B49C8226D768900D84EE8 /* PomodoroViewController+Implementation.swift in Sources */ = {isa = PBXBuildFile; fileRef = 595B49C6226D768900D84EE8 /* PomodoroViewController+Implementation.swift */; };
		596BBF97226BA9DB006962DE /* PomodoroUseCaseTests.swift in Sources */ = {isa = PBXBuildFile; fileRef = 596BBF96226BA9DB006962DE /* PomodoroUseCaseTests.swift */; };
		596DB6B42298A8CD00E293FF /* ParameterInputBoundary.swift in Sources */ = {isa = PBXBuildFile; fileRef = 596DB6B32298A8CD00E293FF /* ParameterInputBoundary.swift */; };
		596DB6B52298A8CD00E293FF /* ParameterInputBoundary.swift in Sources */ = {isa = PBXBuildFile; fileRef = 596DB6B32298A8CD00E293FF /* ParameterInputBoundary.swift */; };
		596DB6B72298AA3E00E293FF /* ParameterOutputBoundary.swift in Sources */ = {isa = PBXBuildFile; fileRef = 596DB6B62298AA3E00E293FF /* ParameterOutputBoundary.swift */; };
		596DB6B82298AA3E00E293FF /* ParameterOutputBoundary.swift in Sources */ = {isa = PBXBuildFile; fileRef = 596DB6B62298AA3E00E293FF /* ParameterOutputBoundary.swift */; };
		596DB6BA2298AA6D00E293FF /* ParameterUserInterface.swift in Sources */ = {isa = PBXBuildFile; fileRef = 596DB6B92298AA6D00E293FF /* ParameterUserInterface.swift */; };
		596DB6BB2298AA6D00E293FF /* ParameterUserInterface.swift in Sources */ = {isa = PBXBuildFile; fileRef = 596DB6B92298AA6D00E293FF /* ParameterUserInterface.swift */; };
		596DB6BD2298AA8E00E293FF /* ParameterViewController+Implementation.swift in Sources */ = {isa = PBXBuildFile; fileRef = 596DB6BC2298AA8E00E293FF /* ParameterViewController+Implementation.swift */; };
		596DB6BE2298AA8E00E293FF /* ParameterViewController+Implementation.swift in Sources */ = {isa = PBXBuildFile; fileRef = 596DB6BC2298AA8E00E293FF /* ParameterViewController+Implementation.swift */; };
		596DB6C02298AB0F00E293FF /* ParameterPresenter.swift in Sources */ = {isa = PBXBuildFile; fileRef = 596DB6BF2298AB0F00E293FF /* ParameterPresenter.swift */; };
		596DB6C12298AB0F00E293FF /* ParameterPresenter.swift in Sources */ = {isa = PBXBuildFile; fileRef = 596DB6BF2298AB0F00E293FF /* ParameterPresenter.swift */; };
		596DB6C62298AB9300E293FF /* ParameterUseCase.swift in Sources */ = {isa = PBXBuildFile; fileRef = 596DB6C52298AB9300E293FF /* ParameterUseCase.swift */; };
		596DB6C72298AB9300E293FF /* ParameterUseCase.swift in Sources */ = {isa = PBXBuildFile; fileRef = 596DB6C52298AB9300E293FF /* ParameterUseCase.swift */; };
		597E50A82272A268001E374D /* PomodoroView.swift in Sources */ = {isa = PBXBuildFile; fileRef = 597E50A72272A268001E374D /* PomodoroView.swift */; };
		597E50AB2272A63D001E374D /* NSLayoutConstraint.swift in Sources */ = {isa = PBXBuildFile; fileRef = 597E50AA2272A63D001E374D /* NSLayoutConstraint.swift */; };
		5984E1B022617646009C5CFC /* PomodoroUseCase.swift in Sources */ = {isa = PBXBuildFile; fileRef = 5984E1AF22617646009C5CFC /* PomodoroUseCase.swift */; };
		5984E1B122617646009C5CFC /* PomodoroUseCase.swift in Sources */ = {isa = PBXBuildFile; fileRef = 5984E1AF22617646009C5CFC /* PomodoroUseCase.swift */; };
		5988B69B225FAE5A0034F848 /* AppDelegate.swift in Sources */ = {isa = PBXBuildFile; fileRef = 5988B69A225FAE5A0034F848 /* AppDelegate.swift */; };
		5988B6A8225FAE5B0034F848 /* LaunchScreen.storyboard in Resources */ = {isa = PBXBuildFile; fileRef = 5988B6A6225FAE5B0034F848 /* LaunchScreen.storyboard */; };
		5988B6B3225FAE5B0034F848 /* TimeKeeperTests.swift in Sources */ = {isa = PBXBuildFile; fileRef = 5988B6B2225FAE5B0034F848 /* TimeKeeperTests.swift */; };
		59BDED8122636F3400FFBB69 /* OutputBoundary.swift in Sources */ = {isa = PBXBuildFile; fileRef = 59BDED8022636F3400FFBB69 /* OutputBoundary.swift */; };
		59BDED8222636F3400FFBB69 /* OutputBoundary.swift in Sources */ = {isa = PBXBuildFile; fileRef = 59BDED8022636F3400FFBB69 /* OutputBoundary.swift */; };
		59BDED842263819B00FFBB69 /* InputBoundary.swift in Sources */ = {isa = PBXBuildFile; fileRef = 59BDED832263819B00FFBB69 /* InputBoundary.swift */; };
		59BDED852263819B00FFBB69 /* InputBoundary.swift in Sources */ = {isa = PBXBuildFile; fileRef = 59BDED832263819B00FFBB69 /* InputBoundary.swift */; };
		59C61315226AA7CA00B4D5EA /* PomodoUseCase+Implementation.swift in Sources */ = {isa = PBXBuildFile; fileRef = 59C61314226AA7CA00B4D5EA /* PomodoUseCase+Implementation.swift */; };
		59C61316226AA7CA00B4D5EA /* PomodoUseCase+Implementation.swift in Sources */ = {isa = PBXBuildFile; fileRef = 59C61314226AA7CA00B4D5EA /* PomodoUseCase+Implementation.swift */; };
		59C61318226AAD2900B4D5EA /* PomodoroPresenter+Implementation.swift in Sources */ = {isa = PBXBuildFile; fileRef = 59C61317226AAD2900B4D5EA /* PomodoroPresenter+Implementation.swift */; };
		59C61319226AAD2900B4D5EA /* PomodoroPresenter+Implementation.swift in Sources */ = {isa = PBXBuildFile; fileRef = 59C61317226AAD2900B4D5EA /* PomodoroPresenter+Implementation.swift */; };
		59C6131B226AADB700B4D5EA /* Factory.swift in Sources */ = {isa = PBXBuildFile; fileRef = 59C6131A226AADB700B4D5EA /* Factory.swift */; };
		59C6131C226AADB700B4D5EA /* Factory.swift in Sources */ = {isa = PBXBuildFile; fileRef = 59C6131A226AADB700B4D5EA /* Factory.swift */; };
		59EF2AD222826E0F00249944 /* UserNotification.swift in Sources */ = {isa = PBXBuildFile; fileRef = 59EF2AD122826E0F00249944 /* UserNotification.swift */; };
		59EF2AD322826E0F00249944 /* UserNotification.swift in Sources */ = {isa = PBXBuildFile; fileRef = 59EF2AD122826E0F00249944 /* UserNotification.swift */; };
		59EF2AD522826E9D00249944 /* NotificationManager.swift in Sources */ = {isa = PBXBuildFile; fileRef = 59EF2AD422826E9D00249944 /* NotificationManager.swift */; };
		59EF2AD622826E9D00249944 /* NotificationManager.swift in Sources */ = {isa = PBXBuildFile; fileRef = 59EF2AD422826E9D00249944 /* NotificationManager.swift */; };
		59F69D3B22A81669006D05EE /* OptionalNotificationViewController.swift in Sources */ = {isa = PBXBuildFile; fileRef = 59F69D3A22A81669006D05EE /* OptionalNotificationViewController.swift */; };
		59F69D3C22A81669006D05EE /* OptionalNotificationViewController.swift in Sources */ = {isa = PBXBuildFile; fileRef = 59F69D3A22A81669006D05EE /* OptionalNotificationViewController.swift */; };
/* End PBXBuildFile section */

/* Begin PBXContainerItemProxy section */
		5988B6AF225FAE5B0034F848 /* PBXContainerItemProxy */ = {
			isa = PBXContainerItemProxy;
			containerPortal = 5988B68F225FAE5A0034F848 /* Project object */;
			proxyType = 1;
			remoteGlobalIDString = 5988B696225FAE5A0034F848;
			remoteInfo = Todoro;
		};
/* End PBXContainerItemProxy section */

/* Begin PBXFileReference section */
		5906A1A4226F992200CD61D0 /* Factory+Implementation.swift */ = {isa = PBXFileReference; lastKnownFileType = sourcecode.swift; path = "Factory+Implementation.swift"; sourceTree = "<group>"; };
		5906A1A7226FA3F300CD61D0 /* PomodoroParameter+Implementation.swift */ = {isa = PBXFileReference; lastKnownFileType = sourcecode.swift; path = "PomodoroParameter+Implementation.swift"; sourceTree = "<group>"; };
		591C775A22A2F23600E6DBA8 /* Assets.xcassets */ = {isa = PBXFileReference; lastKnownFileType = folder.assetcatalog; path = Assets.xcassets; sourceTree = "<group>"; };
		5928DB7122886CC300E8EF9D /* NotificationManager+Implementation.swift */ = {isa = PBXFileReference; lastKnownFileType = sourcecode.swift; path = "NotificationManager+Implementation.swift"; sourceTree = "<group>"; };
		592A176D22949AF200B7F675 /* ParameterViewController.swift */ = {isa = PBXFileReference; lastKnownFileType = sourcecode.swift; path = ParameterViewController.swift; sourceTree = "<group>"; };
		592A17702295B80500B7F675 /* ParameterView.swift */ = {isa = PBXFileReference; lastKnownFileType = sourcecode.swift; path = ParameterView.swift; sourceTree = "<group>"; };
		592A17732295F95100B7F675 /* String.swift */ = {isa = PBXFileReference; lastKnownFileType = sourcecode.swift; path = String.swift; sourceTree = "<group>"; };
		59347E5A22835D6A0077396E /* OptionalNotificationView.swift */ = {isa = PBXFileReference; lastKnownFileType = sourcecode.swift; path = OptionalNotificationView.swift; sourceTree = "<group>"; };
		5936A38B2266507A00023586 /* PomodoroPresenter.swift */ = {isa = PBXFileReference; lastKnownFileType = sourcecode.swift; path = PomodoroPresenter.swift; sourceTree = "<group>"; };
		593A00D1226588C80028EAD4 /* TimeKeeper.swift */ = {isa = PBXFileReference; lastKnownFileType = sourcecode.swift; path = TimeKeeper.swift; sourceTree = "<group>"; };
		593A00D2226588C80028EAD4 /* PomodoroViewController.swift */ = {isa = PBXFileReference; lastKnownFileType = sourcecode.swift; path = PomodoroViewController.swift; sourceTree = "<group>"; };
		59408030226284A600E9513A /* PomodoroParameter.swift */ = {isa = PBXFileReference; lastKnownFileType = sourcecode.swift; path = PomodoroParameter.swift; sourceTree = "<group>"; };
		594080322262864800E9513A /* Parameter.swift */ = {isa = PBXFileReference; lastKnownFileType = sourcecode.swift; path = Parameter.swift; sourceTree = "<group>"; };
		5940803B22628E9100E9513A /* PomodorUserPreferenceTests.swift */ = {isa = PBXFileReference; lastKnownFileType = sourcecode.swift; path = PomodorUserPreferenceTests.swift; sourceTree = "<group>"; };
		594F95E3226D6761002581D8 /* UserInterface.swift */ = {isa = PBXFileReference; lastKnownFileType = sourcecode.swift; path = UserInterface.swift; sourceTree = "<group>"; };
		59550FBE2273DD8400F48DEC /* UIColor.swift */ = {isa = PBXFileReference; lastKnownFileType = sourcecode.swift; path = UIColor.swift; sourceTree = "<group>"; };
		595B49C6226D768900D84EE8 /* PomodoroViewController+Implementation.swift */ = {isa = PBXFileReference; lastKnownFileType = sourcecode.swift; path = "PomodoroViewController+Implementation.swift"; sourceTree = "<group>"; };
		596BBF96226BA9DB006962DE /* PomodoroUseCaseTests.swift */ = {isa = PBXFileReference; lastKnownFileType = sourcecode.swift; path = PomodoroUseCaseTests.swift; sourceTree = "<group>"; };
		596DB6B32298A8CD00E293FF /* ParameterInputBoundary.swift */ = {isa = PBXFileReference; lastKnownFileType = sourcecode.swift; path = ParameterInputBoundary.swift; sourceTree = "<group>"; };
		596DB6B62298AA3E00E293FF /* ParameterOutputBoundary.swift */ = {isa = PBXFileReference; lastKnownFileType = sourcecode.swift; path = ParameterOutputBoundary.swift; sourceTree = "<group>"; };
		596DB6B92298AA6D00E293FF /* ParameterUserInterface.swift */ = {isa = PBXFileReference; lastKnownFileType = sourcecode.swift; path = ParameterUserInterface.swift; sourceTree = "<group>"; };
		596DB6BC2298AA8E00E293FF /* ParameterViewController+Implementation.swift */ = {isa = PBXFileReference; lastKnownFileType = sourcecode.swift; path = "ParameterViewController+Implementation.swift"; sourceTree = "<group>"; };
		596DB6BF2298AB0F00E293FF /* ParameterPresenter.swift */ = {isa = PBXFileReference; lastKnownFileType = sourcecode.swift; path = ParameterPresenter.swift; sourceTree = "<group>"; };
		596DB6C52298AB9300E293FF /* ParameterUseCase.swift */ = {isa = PBXFileReference; lastKnownFileType = sourcecode.swift; path = ParameterUseCase.swift; sourceTree = "<group>"; };
		597E50A72272A268001E374D /* PomodoroView.swift */ = {isa = PBXFileReference; lastKnownFileType = sourcecode.swift; path = PomodoroView.swift; sourceTree = "<group>"; };
		597E50AA2272A63D001E374D /* NSLayoutConstraint.swift */ = {isa = PBXFileReference; lastKnownFileType = sourcecode.swift; path = NSLayoutConstraint.swift; sourceTree = "<group>"; };
		5984E1AF22617646009C5CFC /* PomodoroUseCase.swift */ = {isa = PBXFileReference; lastKnownFileType = sourcecode.swift; path = PomodoroUseCase.swift; sourceTree = "<group>"; };
		5988B697225FAE5A0034F848 /* Todoro.app */ = {isa = PBXFileReference; explicitFileType = wrapper.application; includeInIndex = 0; path = Todoro.app; sourceTree = BUILT_PRODUCTS_DIR; };
		5988B69A225FAE5A0034F848 /* AppDelegate.swift */ = {isa = PBXFileReference; lastKnownFileType = sourcecode.swift; path = AppDelegate.swift; sourceTree = "<group>"; };
		5988B6A7225FAE5B0034F848 /* Base */ = {isa = PBXFileReference; lastKnownFileType = file.storyboard; name = Base; path = Base.lproj/LaunchScreen.storyboard; sourceTree = "<group>"; };
		5988B6A9225FAE5B0034F848 /* Info.plist */ = {isa = PBXFileReference; lastKnownFileType = text.plist.xml; path = Info.plist; sourceTree = "<group>"; };
		5988B6AE225FAE5B0034F848 /* TodoroTests.xctest */ = {isa = PBXFileReference; explicitFileType = wrapper.cfbundle; includeInIndex = 0; path = TodoroTests.xctest; sourceTree = BUILT_PRODUCTS_DIR; };
		5988B6B2225FAE5B0034F848 /* TimeKeeperTests.swift */ = {isa = PBXFileReference; lastKnownFileType = sourcecode.swift; path = TimeKeeperTests.swift; sourceTree = "<group>"; };
		5988B6B4225FAE5B0034F848 /* Info.plist */ = {isa = PBXFileReference; lastKnownFileType = text.plist.xml; path = Info.plist; sourceTree = "<group>"; };
		59BDED8022636F3400FFBB69 /* OutputBoundary.swift */ = {isa = PBXFileReference; lastKnownFileType = sourcecode.swift; path = OutputBoundary.swift; sourceTree = "<group>"; };
		59BDED832263819B00FFBB69 /* InputBoundary.swift */ = {isa = PBXFileReference; lastKnownFileType = sourcecode.swift; path = InputBoundary.swift; sourceTree = "<group>"; };
		59C61314226AA7CA00B4D5EA /* PomodoUseCase+Implementation.swift */ = {isa = PBXFileReference; lastKnownFileType = sourcecode.swift; path = "PomodoUseCase+Implementation.swift"; sourceTree = "<group>"; };
		59C61317226AAD2900B4D5EA /* PomodoroPresenter+Implementation.swift */ = {isa = PBXFileReference; lastKnownFileType = sourcecode.swift; path = "PomodoroPresenter+Implementation.swift"; sourceTree = "<group>"; };
		59C6131A226AADB700B4D5EA /* Factory.swift */ = {isa = PBXFileReference; lastKnownFileType = sourcecode.swift; path = Factory.swift; sourceTree = "<group>"; };
		59EF2AD122826E0F00249944 /* UserNotification.swift */ = {isa = PBXFileReference; lastKnownFileType = sourcecode.swift; path = UserNotification.swift; sourceTree = "<group>"; };
		59EF2AD422826E9D00249944 /* NotificationManager.swift */ = {isa = PBXFileReference; lastKnownFileType = sourcecode.swift; path = NotificationManager.swift; sourceTree = "<group>"; };
		59F511A622A32C8D00766603 /* README.md */ = {isa = PBXFileReference; lastKnownFileType = net.daringfireball.markdown; path = README.md; sourceTree = "<group>"; };
		59F69D3A22A81669006D05EE /* OptionalNotificationViewController.swift */ = {isa = PBXFileReference; lastKnownFileType = sourcecode.swift; path = OptionalNotificationViewController.swift; sourceTree = "<group>"; };
/* End PBXFileReference section */

/* Begin PBXFrameworksBuildPhase section */
		5988B694225FAE5A0034F848 /* Frameworks */ = {
			isa = PBXFrameworksBuildPhase;
			buildActionMask = 2147483647;
			files = (
			);
			runOnlyForDeploymentPostprocessing = 0;
		};
		5988B6AB225FAE5B0034F848 /* Frameworks */ = {
			isa = PBXFrameworksBuildPhase;
			buildActionMask = 2147483647;
			files = (
			);
			runOnlyForDeploymentPostprocessing = 0;
		};
/* End PBXFrameworksBuildPhase section */

/* Begin PBXGroup section */
		5911434222C3C44A003F4159 /* Views */ = {
			isa = PBXGroup;
			children = (
				59347E5A22835D6A0077396E /* OptionalNotificationView.swift */,
				597E50A72272A268001E374D /* PomodoroView.swift */,
			);
			path = Views;
			sourceTree = "<group>";
		};
		5911434322C3C464003F4159 /* User Interface Layer */ = {
			isa = PBXGroup;
			children = (
				5911434222C3C44A003F4159 /* Views */,
				59F69D3A22A81669006D05EE /* OptionalNotificationViewController.swift */,
				593A00D2226588C80028EAD4 /* PomodoroViewController.swift */,
				595B49C6226D768900D84EE8 /* PomodoroViewController+Implementation.swift */,
			);
			path = "User Interface Layer";
			sourceTree = "<group>";
		};
		5911434422C3C47F003F4159 /* Presentation Layer */ = {
			isa = PBXGroup;
			children = (
				594F95E3226D6761002581D8 /* UserInterface.swift */,
				5936A38B2266507A00023586 /* PomodoroPresenter.swift */,
				59C61317226AAD2900B4D5EA /* PomodoroPresenter+Implementation.swift */,
			);
			path = "Presentation Layer";
			sourceTree = "<group>";
		};
		5911434522C3C4A9003F4159 /* Business Layer */ = {
			isa = PBXGroup;
			children = (
				59BDED832263819B00FFBB69 /* InputBoundary.swift */,
				59BDED8022636F3400FFBB69 /* OutputBoundary.swift */,
				594080322262864800E9513A /* Parameter.swift */,
				59EF2AD122826E0F00249944 /* UserNotification.swift */,
				593A00D1226588C80028EAD4 /* TimeKeeper.swift */,
				5984E1AF22617646009C5CFC /* PomodoroUseCase.swift */,
				59C61314226AA7CA00B4D5EA /* PomodoUseCase+Implementation.swift */,
			);
			path = "Business Layer";
			sourceTree = "<group>";
		};
		5911434822C3C4D8003F4159 /* Data Layer */ = {
			isa = PBXGroup;
			children = (
				59408030226284A600E9513A /* PomodoroParameter.swift */,
				5906A1A7226FA3F300CD61D0 /* PomodoroParameter+Implementation.swift */,
			);
			path = "Data Layer";
			sourceTree = "<group>";
		};
		5911434922C3C4F2003F4159 /* UserNotifications */ = {
			isa = PBXGroup;
			children = (
				59EF2AD422826E9D00249944 /* NotificationManager.swift */,
				5928DB7122886CC300E8EF9D /* NotificationManager+Implementation.swift */,
			);
			path = UserNotifications;
			sourceTree = "<group>";
		};
		5911434B22C3C52E003F4159 /* Pomodoro */ = {
			isa = PBXGroup;
			children = (
				5911434522C3C4A9003F4159 /* Business Layer */,
				5911434322C3C464003F4159 /* User Interface Layer */,
				5911434422C3C47F003F4159 /* Presentation Layer */,
				5911434822C3C4D8003F4159 /* Data Layer */,
				5911434922C3C4F2003F4159 /* UserNotifications */,
			);
			path = Pomodoro;
			sourceTree = "<group>";
		};
		5911434C22C3C544003F4159 /* Parameter */ = {
			isa = PBXGroup;
			children = (
				5911435022C3C5BD003F4159 /* Business Layer */,
				5911434F22C3C5A7003F4159 /* Presentation Layer */,
				5911434D22C3C56E003F4159 /* User Interface Layer */,
			);
			path = Parameter;
			sourceTree = "<group>";
		};
		5911434D22C3C56E003F4159 /* User Interface Layer */ = {
			isa = PBXGroup;
			children = (
				5911434E22C3C581003F4159 /* Views */,
				592A176D22949AF200B7F675 /* ParameterViewController.swift */,
				596DB6BC2298AA8E00E293FF /* ParameterViewController+Implementation.swift */,
			);
			path = "User Interface Layer";
			sourceTree = "<group>";
		};
		5911434E22C3C581003F4159 /* Views */ = {
			isa = PBXGroup;
			children = (
				592A17702295B80500B7F675 /* ParameterView.swift */,
			);
			path = Views;
			sourceTree = "<group>";
		};
		5911434F22C3C5A7003F4159 /* Presentation Layer */ = {
			isa = PBXGroup;
			children = (
				596DB6B92298AA6D00E293FF /* ParameterUserInterface.swift */,
				596DB6BF2298AB0F00E293FF /* ParameterPresenter.swift */,
			);
			path = "Presentation Layer";
			sourceTree = "<group>";
		};
		5911435022C3C5BD003F4159 /* Business Layer */ = {
			isa = PBXGroup;
			children = (
				596DB6B32298A8CD00E293FF /* ParameterInputBoundary.swift */,
				596DB6B62298AA3E00E293FF /* ParameterOutputBoundary.swift */,
				596DB6C52298AB9300E293FF /* ParameterUseCase.swift */,
			);
			path = "Business Layer";
			sourceTree = "<group>";
		};
		5911435122C3C5D7003F4159 /* Factory */ = {
			isa = PBXGroup;
			children = (
				59C6131A226AADB700B4D5EA /* Factory.swift */,
				5906A1A4226F992200CD61D0 /* Factory+Implementation.swift */,
			);
			path = Factory;
			sourceTree = "<group>";
		};
		5936A3932266598100023586 /* Supporting Files */ = {
			isa = PBXGroup;
			children = (
				591C775A22A2F23600E6DBA8 /* Assets.xcassets */,
				5988B6A6225FAE5B0034F848 /* LaunchScreen.storyboard */,
				5988B6A9225FAE5B0034F848 /* Info.plist */,
			);
			path = "Supporting Files";
			sourceTree = "<group>";
		};
		5936A39622665AF700023586 /* Pomodoro */ = {
			isa = PBXGroup;
			children = (
				5988B6B2225FAE5B0034F848 /* TimeKeeperTests.swift */,
				5940803B22628E9100E9513A /* PomodorUserPreferenceTests.swift */,
				596BBF96226BA9DB006962DE /* PomodoroUseCaseTests.swift */,
			);
			path = Pomodoro;
			sourceTree = "<group>";
		};
		597E50A92272A618001E374D /* Helper Extensions */ = {
			isa = PBXGroup;
			children = (
				597E50AA2272A63D001E374D /* NSLayoutConstraint.swift */,
				59550FBE2273DD8400F48DEC /* UIColor.swift */,
				592A17732295F95100B7F675 /* String.swift */,
			);
			path = "Helper Extensions";
			sourceTree = "<group>";
		};
		5988B68E225FAE5A0034F848 = {
			isa = PBXGroup;
			children = (
				5988B699225FAE5A0034F848 /* Todoro */,
				5988B6B1225FAE5B0034F848 /* TodoroTests */,
				5988B698225FAE5A0034F848 /* Products */,
				59F511A622A32C8D00766603 /* README.md */,
			);
			sourceTree = "<group>";
		};
		5988B698225FAE5A0034F848 /* Products */ = {
			isa = PBXGroup;
			children = (
				5988B697225FAE5A0034F848 /* Todoro.app */,
				5988B6AE225FAE5B0034F848 /* TodoroTests.xctest */,
			);
			name = Products;
			sourceTree = "<group>";
		};
		5988B699225FAE5A0034F848 /* Todoro */ = {
			isa = PBXGroup;
			children = (
				5988B69A225FAE5A0034F848 /* AppDelegate.swift */,
				5911434B22C3C52E003F4159 /* Pomodoro */,
				5911434C22C3C544003F4159 /* Parameter */,
				5911435122C3C5D7003F4159 /* Factory */,
				597E50A92272A618001E374D /* Helper Extensions */,
				5936A3932266598100023586 /* Supporting Files */,
			);
			path = Todoro;
			sourceTree = "<group>";
		};
		5988B6B1225FAE5B0034F848 /* TodoroTests */ = {
			isa = PBXGroup;
			children = (
				5936A39622665AF700023586 /* Pomodoro */,
				5988B6B4225FAE5B0034F848 /* Info.plist */,
			);
			path = TodoroTests;
			sourceTree = "<group>";
		};
/* End PBXGroup section */

/* Begin PBXNativeTarget section */
		5988B696225FAE5A0034F848 /* Todoro */ = {
			isa = PBXNativeTarget;
			buildConfigurationList = 5988B6B7225FAE5B0034F848 /* Build configuration list for PBXNativeTarget "Todoro" */;
			buildPhases = (
				5988B693225FAE5A0034F848 /* Sources */,
				5988B694225FAE5A0034F848 /* Frameworks */,
				5988B695225FAE5A0034F848 /* Resources */,
			);
			buildRules = (
			);
			dependencies = (
			);
			name = Todoro;
			productName = Todoro;
			productReference = 5988B697225FAE5A0034F848 /* Todoro.app */;
			productType = "com.apple.product-type.application";
		};
		5988B6AD225FAE5B0034F848 /* TodoroTests */ = {
			isa = PBXNativeTarget;
			buildConfigurationList = 5988B6BA225FAE5B0034F848 /* Build configuration list for PBXNativeTarget "TodoroTests" */;
			buildPhases = (
				5988B6AA225FAE5B0034F848 /* Sources */,
				5988B6AB225FAE5B0034F848 /* Frameworks */,
				5988B6AC225FAE5B0034F848 /* Resources */,
			);
			buildRules = (
			);
			dependencies = (
				5988B6B0225FAE5B0034F848 /* PBXTargetDependency */,
			);
			name = TodoroTests;
			productName = TodoroTests;
			productReference = 5988B6AE225FAE5B0034F848 /* TodoroTests.xctest */;
			productType = "com.apple.product-type.bundle.unit-test";
		};
/* End PBXNativeTarget section */

/* Begin PBXProject section */
		5988B68F225FAE5A0034F848 /* Project object */ = {
			isa = PBXProject;
			attributes = {
				LastSwiftUpdateCheck = 1020;
				LastUpgradeCheck = 1310;
				ORGANIZATIONNAME = "Spencer Forrest";
				TargetAttributes = {
					5988B696225FAE5A0034F848 = {
						CreatedOnToolsVersion = 10.2;
					};
					5988B6AD225FAE5B0034F848 = {
						CreatedOnToolsVersion = 10.2;
					};
				};
			};
			buildConfigurationList = 5988B692225FAE5A0034F848 /* Build configuration list for PBXProject "Todoro" */;
			compatibilityVersion = "Xcode 9.3";
			developmentRegion = en;
			hasScannedForEncodings = 0;
			knownRegions = (
				en,
				Base,
			);
			mainGroup = 5988B68E225FAE5A0034F848;
			productRefGroup = 5988B698225FAE5A0034F848 /* Products */;
			projectDirPath = "";
			projectRoot = "";
			targets = (
				5988B696225FAE5A0034F848 /* Todoro */,
				5988B6AD225FAE5B0034F848 /* TodoroTests */,
			);
		};
/* End PBXProject section */

/* Begin PBXResourcesBuildPhase section */
		5988B695225FAE5A0034F848 /* Resources */ = {
			isa = PBXResourcesBuildPhase;
			buildActionMask = 2147483647;
			files = (
				591C775B22A2F23600E6DBA8 /* Assets.xcassets in Resources */,
				5988B6A8225FAE5B0034F848 /* LaunchScreen.storyboard in Resources */,
			);
			runOnlyForDeploymentPostprocessing = 0;
		};
		5988B6AC225FAE5B0034F848 /* Resources */ = {
			isa = PBXResourcesBuildPhase;
			buildActionMask = 2147483647;
			files = (
			);
			runOnlyForDeploymentPostprocessing = 0;
		};
/* End PBXResourcesBuildPhase section */

/* Begin PBXSourcesBuildPhase section */
		5988B693225FAE5A0034F848 /* Sources */ = {
			isa = PBXSourcesBuildPhase;
			buildActionMask = 2147483647;
			files = (
				595B49C7226D768900D84EE8 /* PomodoroViewController+Implementation.swift in Sources */,
				59C6131B226AADB700B4D5EA /* Factory.swift in Sources */,
				596DB6B42298A8CD00E293FF /* ParameterInputBoundary.swift in Sources */,
				59408031226284A600E9513A /* PomodoroParameter.swift in Sources */,
				59EF2AD222826E0F00249944 /* UserNotification.swift in Sources */,
				596DB6C62298AB9300E293FF /* ParameterUseCase.swift in Sources */,
				5906A1A8226FA3F300CD61D0 /* PomodoroParameter+Implementation.swift in Sources */,
				5928DB7222886CC300E8EF9D /* NotificationManager+Implementation.swift in Sources */,
				59EF2AD522826E9D00249944 /* NotificationManager.swift in Sources */,
				596DB6BA2298AA6D00E293FF /* ParameterUserInterface.swift in Sources */,
				593A00D9226588C80028EAD4 /* TimeKeeper.swift in Sources */,
				59BDED842263819B00FFBB69 /* InputBoundary.swift in Sources */,
				59550FBF2273DD8400F48DEC /* UIColor.swift in Sources */,
				5906A1A5226F992200CD61D0 /* Factory+Implementation.swift in Sources */,
				5936A38F2266514D00023586 /* PomodoroPresenter.swift in Sources */,
				597E50AB2272A63D001E374D /* NSLayoutConstraint.swift in Sources */,
				592A176E22949AF300B7F675 /* ParameterViewController.swift in Sources */,
				596DB6B72298AA3E00E293FF /* ParameterOutputBoundary.swift in Sources */,
				59C61318226AAD2900B4D5EA /* PomodoroPresenter+Implementation.swift in Sources */,
				592A17712295B80500B7F675 /* ParameterView.swift in Sources */,
				592A17742295F95100B7F675 /* String.swift in Sources */,
				59BDED8122636F3400FFBB69 /* OutputBoundary.swift in Sources */,
				5984E1B022617646009C5CFC /* PomodoroUseCase.swift in Sources */,
				596DB6BD2298AA8E00E293FF /* ParameterViewController+Implementation.swift in Sources */,
				59347E5B22835D6A0077396E /* OptionalNotificationView.swift in Sources */,
				594080332262864800E9513A /* Parameter.swift in Sources */,
				597E50A82272A268001E374D /* PomodoroView.swift in Sources */,
				59F69D3B22A81669006D05EE /* OptionalNotificationViewController.swift in Sources */,
				596DB6C02298AB0F00E293FF /* ParameterPresenter.swift in Sources */,
				59C61315226AA7CA00B4D5EA /* PomodoUseCase+Implementation.swift in Sources */,
				5988B69B225FAE5A0034F848 /* AppDelegate.swift in Sources */,
				594F95E4226D6761002581D8 /* UserInterface.swift in Sources */,
				593A00DA226588C80028EAD4 /* PomodoroViewController.swift in Sources */,
			);
			runOnlyForDeploymentPostprocessing = 0;
		};
		5988B6AA225FAE5B0034F848 /* Sources */ = {
			isa = PBXSourcesBuildPhase;
			buildActionMask = 2147483647;
			files = (
				596DB6BE2298AA8E00E293FF /* ParameterViewController+Implementation.swift in Sources */,
				592A176F22949AF300B7F675 /* ParameterViewController.swift in Sources */,
				5906A1A6226F9DF000CD61D0 /* Factory+Implementation.swift in Sources */,
				5906A1A9226FBE7500CD61D0 /* PomodoroParameter+Implementation.swift in Sources */,
				596DB6C72298AB9300E293FF /* ParameterUseCase.swift in Sources */,
				596BBF97226BA9DB006962DE /* PomodoroUseCaseTests.swift in Sources */,
				596DB6C12298AB0F00E293FF /* ParameterPresenter.swift in Sources */,
				59C6131C226AADB700B4D5EA /* Factory.swift in Sources */,
				59BDED852263819B00FFBB69 /* InputBoundary.swift in Sources */,
				59EF2AD622826E9D00249944 /* NotificationManager.swift in Sources */,
				59BDED8222636F3400FFBB69 /* OutputBoundary.swift in Sources */,
				5984E1B122617646009C5CFC /* PomodoroUseCase.swift in Sources */,
				594080342262864800E9513A /* Parameter.swift in Sources */,
				592A17752295F95100B7F675 /* String.swift in Sources */,
				59347E5C22835F2A0077396E /* OptionalNotificationView.swift in Sources */,
				596DB6B82298AA3E00E293FF /* ParameterOutputBoundary.swift in Sources */,
				596DB6B52298A8CD00E293FF /* ParameterInputBoundary.swift in Sources */,
				5936A3912266571A00023586 /* PomodoroViewController.swift in Sources */,
				59F69D3C22A81669006D05EE /* OptionalNotificationViewController.swift in Sources */,
				59C61319226AAD2900B4D5EA /* PomodoroPresenter+Implementation.swift in Sources */,
				5940803C22628E9100E9513A /* PomodorUserPreferenceTests.swift in Sources */,
				592A17722295B80500B7F675 /* ParameterView.swift in Sources */,
				59550FC02273DDC800F48DEC /* UIColor.swift in Sources */,
				59364CF5227E15CE003214B3 /* TimeKeeper.swift in Sources */,
				593E205B2272B943006F7173 /* NSLayoutConstraint.swift in Sources */,
				59EF2AD322826E0F00249944 /* UserNotification.swift in Sources */,
				593A153C2262C221009F9D66 /* PomodoroParameter.swift in Sources */,
				59C61316226AA7CA00B4D5EA /* PomodoUseCase+Implementation.swift in Sources */,
				5928DB7322886CC300E8EF9D /* NotificationManager+Implementation.swift in Sources */,
				593E205A2272B93E006F7173 /* PomodoroView.swift in Sources */,
				5936A3902266514D00023586 /* PomodoroPresenter.swift in Sources */,
				594F95E5226D6761002581D8 /* UserInterface.swift in Sources */,
				596DB6BB2298AA6D00E293FF /* ParameterUserInterface.swift in Sources */,
				5988B6B3225FAE5B0034F848 /* TimeKeeperTests.swift in Sources */,
				595B49C8226D768900D84EE8 /* PomodoroViewController+Implementation.swift in Sources */,
			);
			runOnlyForDeploymentPostprocessing = 0;
		};
/* End PBXSourcesBuildPhase section */

/* Begin PBXTargetDependency section */
		5988B6B0225FAE5B0034F848 /* PBXTargetDependency */ = {
			isa = PBXTargetDependency;
			target = 5988B696225FAE5A0034F848 /* Todoro */;
			targetProxy = 5988B6AF225FAE5B0034F848 /* PBXContainerItemProxy */;
		};
/* End PBXTargetDependency section */

/* Begin PBXVariantGroup section */
		5988B6A6225FAE5B0034F848 /* LaunchScreen.storyboard */ = {
			isa = PBXVariantGroup;
			children = (
				5988B6A7225FAE5B0034F848 /* Base */,
			);
			name = LaunchScreen.storyboard;
			sourceTree = "<group>";
		};
/* End PBXVariantGroup section */

/* Begin XCBuildConfiguration section */
		5988B6B5225FAE5B0034F848 /* Debug */ = {
			isa = XCBuildConfiguration;
			buildSettings = {
				ALWAYS_SEARCH_USER_PATHS = NO;
				CLANG_ANALYZER_NONNULL = YES;
				CLANG_ANALYZER_NUMBER_OBJECT_CONVERSION = YES_AGGRESSIVE;
				CLANG_CXX_LANGUAGE_STANDARD = "gnu++14";
				CLANG_CXX_LIBRARY = "libc++";
				CLANG_ENABLE_MODULES = YES;
				CLANG_ENABLE_OBJC_ARC = YES;
				CLANG_ENABLE_OBJC_WEAK = YES;
				CLANG_WARN_BLOCK_CAPTURE_AUTORELEASING = YES;
				CLANG_WARN_BOOL_CONVERSION = YES;
				CLANG_WARN_COMMA = YES;
				CLANG_WARN_CONSTANT_CONVERSION = YES;
				CLANG_WARN_DEPRECATED_OBJC_IMPLEMENTATIONS = YES;
				CLANG_WARN_DIRECT_OBJC_ISA_USAGE = YES_ERROR;
				CLANG_WARN_DOCUMENTATION_COMMENTS = YES;
				CLANG_WARN_EMPTY_BODY = YES;
				CLANG_WARN_ENUM_CONVERSION = YES;
				CLANG_WARN_INFINITE_RECURSION = YES;
				CLANG_WARN_INT_CONVERSION = YES;
				CLANG_WARN_NON_LITERAL_NULL_CONVERSION = YES;
				CLANG_WARN_OBJC_IMPLICIT_RETAIN_SELF = YES;
				CLANG_WARN_OBJC_LITERAL_CONVERSION = YES;
				CLANG_WARN_OBJC_ROOT_CLASS = YES_ERROR;
				CLANG_WARN_QUOTED_INCLUDE_IN_FRAMEWORK_HEADER = YES;
				CLANG_WARN_RANGE_LOOP_ANALYSIS = YES;
				CLANG_WARN_STRICT_PROTOTYPES = YES;
				CLANG_WARN_SUSPICIOUS_MOVE = YES;
				CLANG_WARN_UNGUARDED_AVAILABILITY = YES_AGGRESSIVE;
				CLANG_WARN_UNREACHABLE_CODE = YES;
				CLANG_WARN__DUPLICATE_METHOD_MATCH = YES;
				CODE_SIGN_IDENTITY = "iPhone Developer";
				COPY_PHASE_STRIP = NO;
				DEBUG_INFORMATION_FORMAT = dwarf;
				ENABLE_STRICT_OBJC_MSGSEND = YES;
				ENABLE_TESTABILITY = YES;
				GCC_C_LANGUAGE_STANDARD = gnu11;
				GCC_DYNAMIC_NO_PIC = NO;
				GCC_NO_COMMON_BLOCKS = YES;
				GCC_OPTIMIZATION_LEVEL = 0;
				GCC_PREPROCESSOR_DEFINITIONS = (
					"DEBUG=1",
					"$(inherited)",
				);
				GCC_WARN_64_TO_32_BIT_CONVERSION = YES;
				GCC_WARN_ABOUT_RETURN_TYPE = YES_ERROR;
				GCC_WARN_UNDECLARED_SELECTOR = YES;
				GCC_WARN_UNINITIALIZED_AUTOS = YES_AGGRESSIVE;
				GCC_WARN_UNUSED_FUNCTION = YES;
				GCC_WARN_UNUSED_VARIABLE = YES;
				IPHONEOS_DEPLOYMENT_TARGET = 13.0;
				MTL_ENABLE_DEBUG_INFO = INCLUDE_SOURCE;
				MTL_FAST_MATH = YES;
				ONLY_ACTIVE_ARCH = YES;
				SDKROOT = iphoneos;
				SWIFT_ACTIVE_COMPILATION_CONDITIONS = DEBUG;
				SWIFT_OPTIMIZATION_LEVEL = "-Onone";
			};
			name = Debug;
		};
		5988B6B6225FAE5B0034F848 /* Release */ = {
			isa = XCBuildConfiguration;
			buildSettings = {
				ALWAYS_SEARCH_USER_PATHS = NO;
				CLANG_ANALYZER_NONNULL = YES;
				CLANG_ANALYZER_NUMBER_OBJECT_CONVERSION = YES_AGGRESSIVE;
				CLANG_CXX_LANGUAGE_STANDARD = "gnu++14";
				CLANG_CXX_LIBRARY = "libc++";
				CLANG_ENABLE_MODULES = YES;
				CLANG_ENABLE_OBJC_ARC = YES;
				CLANG_ENABLE_OBJC_WEAK = YES;
				CLANG_WARN_BLOCK_CAPTURE_AUTORELEASING = YES;
				CLANG_WARN_BOOL_CONVERSION = YES;
				CLANG_WARN_COMMA = YES;
				CLANG_WARN_CONSTANT_CONVERSION = YES;
				CLANG_WARN_DEPRECATED_OBJC_IMPLEMENTATIONS = YES;
				CLANG_WARN_DIRECT_OBJC_ISA_USAGE = YES_ERROR;
				CLANG_WARN_DOCUMENTATION_COMMENTS = YES;
				CLANG_WARN_EMPTY_BODY = YES;
				CLANG_WARN_ENUM_CONVERSION = YES;
				CLANG_WARN_INFINITE_RECURSION = YES;
				CLANG_WARN_INT_CONVERSION = YES;
				CLANG_WARN_NON_LITERAL_NULL_CONVERSION = YES;
				CLANG_WARN_OBJC_IMPLICIT_RETAIN_SELF = YES;
				CLANG_WARN_OBJC_LITERAL_CONVERSION = YES;
				CLANG_WARN_OBJC_ROOT_CLASS = YES_ERROR;
				CLANG_WARN_QUOTED_INCLUDE_IN_FRAMEWORK_HEADER = YES;
				CLANG_WARN_RANGE_LOOP_ANALYSIS = YES;
				CLANG_WARN_STRICT_PROTOTYPES = YES;
				CLANG_WARN_SUSPICIOUS_MOVE = YES;
				CLANG_WARN_UNGUARDED_AVAILABILITY = YES_AGGRESSIVE;
				CLANG_WARN_UNREACHABLE_CODE = YES;
				CLANG_WARN__DUPLICATE_METHOD_MATCH = YES;
				CODE_SIGN_IDENTITY = "iPhone Developer";
				COPY_PHASE_STRIP = NO;
				DEBUG_INFORMATION_FORMAT = "dwarf-with-dsym";
				ENABLE_NS_ASSERTIONS = NO;
				ENABLE_STRICT_OBJC_MSGSEND = YES;
				GCC_C_LANGUAGE_STANDARD = gnu11;
				GCC_NO_COMMON_BLOCKS = YES;
				GCC_WARN_64_TO_32_BIT_CONVERSION = YES;
				GCC_WARN_ABOUT_RETURN_TYPE = YES_ERROR;
				GCC_WARN_UNDECLARED_SELECTOR = YES;
				GCC_WARN_UNINITIALIZED_AUTOS = YES_AGGRESSIVE;
				GCC_WARN_UNUSED_FUNCTION = YES;
				GCC_WARN_UNUSED_VARIABLE = YES;
				IPHONEOS_DEPLOYMENT_TARGET = 13.0;
				MTL_ENABLE_DEBUG_INFO = NO;
				MTL_FAST_MATH = YES;
				SDKROOT = iphoneos;
				SWIFT_COMPILATION_MODE = wholemodule;
				SWIFT_OPTIMIZATION_LEVEL = "-O";
				VALIDATE_PRODUCT = YES;
			};
			name = Release;
		};
		5988B6B8225FAE5B0034F848 /* Debug */ = {
			isa = XCBuildConfiguration;
			buildSettings = {
				ASSETCATALOG_COMPILER_APPICON_NAME = AppIcon;
				CODE_SIGN_IDENTITY = "Apple Development";
				CODE_SIGN_STYLE = Automatic;
				CURRENT_PROJECT_VERSION = 1;
				DEVELOPMENT_TEAM = VKJGV2D92P;
				INFOPLIST_FILE = "$(SRCROOT)/Todoro/Supporting Files/Info.plist";
				IPHONEOS_DEPLOYMENT_TARGET = 13.0;
				LD_RUNPATH_SEARCH_PATHS = (
					"$(inherited)",
					"@executable_path/Frameworks",
				);
				MARKETING_VERSION = 1.0.3;
				PRODUCT_BUNDLE_IDENTIFIER = com.spencerforrestios.Todoro;
				PRODUCT_NAME = "$(TARGET_NAME)";
				PROVISIONING_PROFILE_SPECIFIER = "";
				SWIFT_VERSION = 5.0;
				TARGETED_DEVICE_FAMILY = "1,2";
			};
			name = Debug;
		};
		5988B6B9225FAE5B0034F848 /* Release */ = {
			isa = XCBuildConfiguration;
			buildSettings = {
				ASSETCATALOG_COMPILER_APPICON_NAME = AppIcon;
				CODE_SIGN_IDENTITY = "Apple Development";
				CODE_SIGN_STYLE = Automatic;
				CURRENT_PROJECT_VERSION = 1;
				DEVELOPMENT_TEAM = VKJGV2D92P;
				INFOPLIST_FILE = "$(SRCROOT)/Todoro/Supporting Files/Info.plist";
				IPHONEOS_DEPLOYMENT_TARGET = 13.0;
				LD_RUNPATH_SEARCH_PATHS = (
					"$(inherited)",
					"@executable_path/Frameworks",
				);
				MARKETING_VERSION = 1.0.3;
				PRODUCT_BUNDLE_IDENTIFIER = com.spencerforrestios.Todoro;
				PRODUCT_NAME = "$(TARGET_NAME)";
				PROVISIONING_PROFILE_SPECIFIER = "";
				SWIFT_VERSION = 5.0;
				TARGETED_DEVICE_FAMILY = "1,2";
			};
			name = Release;
		};
		5988B6BB225FAE5B0034F848 /* Debug */ = {
			isa = XCBuildConfiguration;
			buildSettings = {
				ALWAYS_EMBED_SWIFT_STANDARD_LIBRARIES = YES;
				CODE_SIGN_IDENTITY = "iPhone Developer";
				CODE_SIGN_STYLE = Automatic;
				DEVELOPMENT_TEAM = VKJGV2D92P;
				INFOPLIST_FILE = TodoroTests/Info.plist;
				LD_RUNPATH_SEARCH_PATHS = (
					"$(inherited)",
					"@executable_path/Frameworks",
					"@loader_path/Frameworks",
				);
				PRODUCT_BUNDLE_IDENTIFIER = com.spencerforrestios.TodoroTests;
				PRODUCT_NAME = "$(TARGET_NAME)";
				PROVISIONING_PROFILE_SPECIFIER = "";
				SWIFT_VERSION = 5.0;
				TARGETED_DEVICE_FAMILY = "1,2";
			};
			name = Debug;
		};
		5988B6BC225FAE5B0034F848 /* Release */ = {
			isa = XCBuildConfiguration;
			buildSettings = {
				ALWAYS_EMBED_SWIFT_STANDARD_LIBRARIES = YES;
				CODE_SIGN_IDENTITY = "iPhone Developer";
				CODE_SIGN_STYLE = Automatic;
				DEVELOPMENT_TEAM = VKJGV2D92P;
				INFOPLIST_FILE = TodoroTests/Info.plist;
				LD_RUNPATH_SEARCH_PATHS = (
					"$(inherited)",
					"@executable_path/Frameworks",
					"@loader_path/Frameworks",
				);
				PRODUCT_BUNDLE_IDENTIFIER = com.spencerforrestios.TodoroTests;
				PRODUCT_NAME = "$(TARGET_NAME)";
				PROVISIONING_PROFILE_SPECIFIER = "";
				SWIFT_VERSION = 5.0;
				TARGETED_DEVICE_FAMILY = "1,2";
			};
			name = Release;
		};
/* End XCBuildConfiguration section */

/* Begin XCConfigurationList section */
		5988B692225FAE5A0034F848 /* Build configuration list for PBXProject "Todoro" */ = {
			isa = XCConfigurationList;
			buildConfigurations = (
				5988B6B5225FAE5B0034F848 /* Debug */,
				5988B6B6225FAE5B0034F848 /* Release */,
			);
			defaultConfigurationIsVisible = 0;
			defaultConfigurationName = Release;
		};
		5988B6B7225FAE5B0034F848 /* Build configuration list for PBXNativeTarget "Todoro" */ = {
			isa = XCConfigurationList;
			buildConfigurations = (
				5988B6B8225FAE5B0034F848 /* Debug */,
				5988B6B9225FAE5B0034F848 /* Release */,
			);
			defaultConfigurationIsVisible = 0;
			defaultConfigurationName = Release;
		};
		5988B6BA225FAE5B0034F848 /* Build configuration list for PBXNativeTarget "TodoroTests" */ = {
			isa = XCConfigurationList;
			buildConfigurations = (
				5988B6BB225FAE5B0034F848 /* Debug */,
				5988B6BC225FAE5B0034F848 /* Release */,
			);
			defaultConfigurationIsVisible = 0;
			defaultConfigurationName = Release;
		};
/* End XCConfigurationList section */
	};
	rootObject = 5988B68F225FAE5A0034F848 /* Project object */;
}
